
Microsoft Visual Studio Solution File, Format Version 12.00
# Visual Studio Version 17
VisualStudioVersion = 17.0.31410.414
MinimumVisualStudioVersion = 10.0.40219.1
Project("{2150E333-8FDC-42A3-9474-1A3956D46DE8}") = "01 Start", "01 Start", "{A349A5D7-DC7A-408E-8DE5-2903CE050DE5}"
EndProject
Project("{2150E333-8FDC-42A3-9474-1A3956D46DE8}") = "02 Implementation", "02 Implementation", "{65583E4D-3CEF-4E72-A854-132EB74AB82B}"
EndProject
Project("{9A19103F-16F7-4668-BE54-9A1E7A4F7556}") = "NCommand.Template.Services", "NCommand.Template.Services\NCommand.Template.Services.csproj", "{722F875E-50BE-4CA7-9E18-CB477E0ECBA5}"
EndProject
Project("{9A19103F-16F7-4668-BE54-9A1E7A4F7556}") = "NCommand.Template.Host", "NCommand.Template.Host\NCommand.Template.Host.csproj", "{419B8633-08BB-4192-9727-87FE1BD3CCAD}"
EndProject
Project("{9A19103F-16F7-4668-BE54-9A1E7A4F7556}") = "NCommand.Template.Commands", "NCommand.Template.Commands\NCommand.Template.Commands.csproj", "{3850C08A-29EC-4993-A90B-BA46F5D9A207}"
EndProject
Project("{9A19103F-16F7-4668-BE54-9A1E7A4F7556}") = "NCommand.Template.Tests", "NCommand.Template.Tests\NCommand.Template.Tests.csproj", "{C2300AFB-0876-4849-8783-874B608176A9}"
EndProject
Project("{2150E333-8FDC-42A3-9474-1A3956D46DE8}") = "00 Readme", "00 Readme", "{6034A83A-D2C8-466D-B664-98ABD8AB3634}"
	ProjectSection(SolutionItems) = preProject
		build.bat = build.bat
		Nuget.Config = Nuget.Config
	EndProjectSection
EndProject
Project("{9A19103F-16F7-4668-BE54-9A1E7A4F7556}") = "NCommand.Template.Abstractions", "NCommand.Template.Abstractions\NCommand.Template.Abstractions.csproj", "{731BED7B-4517-4783-89D1-FE0C38CC144C}"
EndProject
Global
	GlobalSection(SolutionConfigurationPlatforms) = preSolution
		Debug|Any CPU = Debug|Any CPU
		Release|Any CPU = Release|Any CPU
		Stage|Any CPU = Stage|Any CPU
	EndGlobalSection
	GlobalSection(ProjectConfigurationPlatforms) = postSolution
		{722F875E-50BE-4CA7-9E18-CB477E0ECBA5}.Debug|Any CPU.ActiveCfg = Debug|Any CPU
		{722F875E-50BE-4CA7-9E18-CB477E0ECBA5}.Debug|Any CPU.Build.0 = Debug|Any CPU
		{722F875E-50BE-4CA7-9E18-CB477E0ECBA5}.Release|Any CPU.ActiveCfg = Release|Any CPU
		{722F875E-50BE-4CA7-9E18-CB477E0ECBA5}.Release|Any CPU.Build.0 = Release|Any CPU
		{722F875E-50BE-4CA7-9E18-CB477E0ECBA5}.Stage|Any CPU.ActiveCfg = Debug|Any CPU
		{722F875E-50BE-4CA7-9E18-CB477E0ECBA5}.Stage|Any CPU.Build.0 = Debug|Any CPU
		{419B8633-08BB-4192-9727-87FE1BD3CCAD}.Debug|Any CPU.ActiveCfg = Debug|Any CPU
		{419B8633-08BB-4192-9727-87FE1BD3CCAD}.Debug|Any CPU.Build.0 = Debug|Any CPU
		{419B8633-08BB-4192-9727-87FE1BD3CCAD}.Release|Any CPU.ActiveCfg = Release|Any CPU
		{419B8633-08BB-4192-9727-87FE1BD3CCAD}.Release|Any CPU.Build.0 = Release|Any CPU
		{419B8633-08BB-4192-9727-87FE1BD3CCAD}.Stage|Any CPU.ActiveCfg = Debug|Any CPU
		{419B8633-08BB-4192-9727-87FE1BD3CCAD}.Stage|Any CPU.Build.0 = Debug|Any CPU
		{3850C08A-29EC-4993-A90B-BA46F5D9A207}.Debug|Any CPU.ActiveCfg = Debug|Any CPU
		{3850C08A-29EC-4993-A90B-BA46F5D9A207}.Debug|Any CPU.Build.0 = Debug|Any CPU
		{3850C08A-29EC-4993-A90B-BA46F5D9A207}.Release|Any CPU.ActiveCfg = Release|Any CPU
		{3850C08A-29EC-4993-A90B-BA46F5D9A207}.Release|Any CPU.Build.0 = Release|Any CPU
		{3850C08A-29EC-4993-A90B-BA46F5D9A207}.Stage|Any CPU.ActiveCfg = Debug|Any CPU
		{3850C08A-29EC-4993-A90B-BA46F5D9A207}.Stage|Any CPU.Build.0 = Debug|Any CPU
		{C2300AFB-0876-4849-8783-874B608176A9}.Debug|Any CPU.ActiveCfg = Debug|Any CPU
		{C2300AFB-0876-4849-8783-874B608176A9}.Debug|Any CPU.Build.0 = Debug|Any CPU
		{C2300AFB-0876-4849-8783-874B608176A9}.Release|Any CPU.ActiveCfg = Release|Any CPU
		{C2300AFB-0876-4849-8783-874B608176A9}.Release|Any CPU.Build.0 = Release|Any CPU
		{C2300AFB-0876-4849-8783-874B608176A9}.Stage|Any CPU.ActiveCfg = Debug|Any CPU
		{C2300AFB-0876-4849-8783-874B608176A9}.Stage|Any CPU.Build.0 = Debug|Any CPU
		{731BED7B-4517-4783-89D1-FE0C38CC144C}.Debug|Any CPU.ActiveCfg = Debug|Any CPU
		{731BED7B-4517-4783-89D1-FE0C38CC144C}.Debug|Any CPU.Build.0 = Debug|Any CPU
		{731BED7B-4517-4783-89D1-FE0C38CC144C}.Release|Any CPU.ActiveCfg = Release|Any CPU
		{731BED7B-4517-4783-89D1-FE0C38CC144C}.Release|Any CPU.Build.0 = Release|Any CPU
		{731BED7B-4517-4783-89D1-FE0C38CC144C}.Stage|Any CPU.ActiveCfg = Debug|Any CPU
		{731BED7B-4517-4783-89D1-FE0C38CC144C}.Stage|Any CPU.Build.0 = Debug|Any CPU
	EndGlobalSection
	GlobalSection(SolutionProperties) = preSolution
		HideSolutionNode = FALSE
	EndGlobalSection
	GlobalSection(NestedProjects) = preSolution
		{722F875E-50BE-4CA7-9E18-CB477E0ECBA5} = {65583E4D-3CEF-4E72-A854-132EB74AB82B}
		{419B8633-08BB-4192-9727-87FE1BD3CCAD} = {A349A5D7-DC7A-408E-8DE5-2903CE050DE5}
		{3850C08A-29EC-4993-A90B-BA46F5D9A207} = {65583E4D-3CEF-4E72-A854-132EB74AB82B}
		{C2300AFB-0876-4849-8783-874B608176A9} = {A349A5D7-DC7A-408E-8DE5-2903CE050DE5}
		{731BED7B-4517-4783-89D1-FE0C38CC144C} = {65583E4D-3CEF-4E72-A854-132EB74AB82B}
	EndGlobalSection
	GlobalSection(ExtensibilityGlobals) = postSolution
		SolutionGuid = {AE87A7BA-D1AC-488B-8E3C-BDBBF798A2C6}
	EndGlobalSection
EndGlobal
